
Microsoft Visual Studio Solution File, Format Version 12.00
# Visual Studio 14
VisualStudioVersion = 14.0.25420.1
MinimumVisualStudioVersion = 10.0.40219.1
Project("{FAE04EC0-301F-11D3-BF4B-00C04F79EFBC}") = "H4Visita.Android", "H4Visita\H4Visita.Android\H4Visita.Android.csproj", "{8E65F4A8-43CC-4F60-AF36-139343F86347}"
EndProject
Project("{FAE04EC0-301F-11D3-BF4B-00C04F79EFBC}") = "H4Visita", "H4Visita\H4Visita\H4Visita.csproj", "{EB56B3EA-75FC-44D5-AB57-C62617409360}"
EndProject
Global
	GlobalSection(SolutionConfigurationPlatforms) = preSolution
		Ad-Hoc|Any CPU = Ad-Hoc|Any CPU
		Ad-Hoc|ARM = Ad-Hoc|ARM
		Ad-Hoc|iPhone = Ad-Hoc|iPhone
		Ad-Hoc|iPhoneSimulator = Ad-Hoc|iPhoneSimulator
		Ad-Hoc|x64 = Ad-Hoc|x64
		Ad-Hoc|x86 = Ad-Hoc|x86
		AppStore|Any CPU = AppStore|Any CPU
		AppStore|ARM = AppStore|ARM
		AppStore|iPhone = AppStore|iPhone
		AppStore|iPhoneSimulator = AppStore|iPhoneSimulator
		AppStore|x64 = AppStore|x64
		AppStore|x86 = AppStore|x86
		Debug|Any CPU = Debug|Any CPU
		Debug|ARM = Debug|ARM
		Debug|iPhone = Debug|iPhone
		Debug|iPhoneSimulator = Debug|iPhoneSimulator
		Debug|x64 = Debug|x64
		Debug|x86 = Debug|x86
		Release|Any CPU = Release|Any CPU
		Release|ARM = Release|ARM
		Release|iPhone = Release|iPhone
		Release|iPhoneSimulator = Release|iPhoneSimulator
		Release|x64 = Release|x64
		Release|x86 = Release|x86
	EndGlobalSection
	GlobalSection(ProjectConfigurationPlatforms) = postSolution
		{8E65F4A8-43CC-4F60-AF36-139343F86347}.Ad-Hoc|Any CPU.ActiveCfg = Release|Any CPU
		{8E65F4A8-43CC-4F60-AF36-139343F86347}.Ad-Hoc|Any CPU.Build.0 = Release|Any CPU
		{8E65F4A8-43CC-4F60-AF36-139343F86347}.Ad-Hoc|Any CPU.Deploy.0 = Release|Any CPU
		{8E65F4A8-43CC-4F60-AF36-139343F86347}.Ad-Hoc|ARM.ActiveCfg = Release|Any CPU
		{8E65F4A8-43CC-4F60-AF36-139343F86347}.Ad-Hoc|ARM.Build.0 = Release|Any CPU
		{8E65F4A8-43CC-4F60-AF36-139343F86347}.Ad-Hoc|ARM.Deploy.0 = Release|Any CPU
		{8E65F4A8-43CC-4F60-AF36-139343F86347}.Ad-Hoc|iPhone.ActiveCfg = Release|Any CPU
		{8E65F4A8-43CC-4F60-AF36-139343F86347}.Ad-Hoc|iPhone.Build.0 = Release|Any CPU
		{8E65F4A8-43CC-4F60-AF36-139343F86347}.Ad-Hoc|iPhone.Deploy.0 = Release|Any CPU
		{8E65F4A8-43CC-4F60-AF36-139343F86347}.Ad-Hoc|iPhoneSimulator.ActiveCfg = Release|Any CPU
		{8E65F4A8-43CC-4F60-AF36-139343F86347}.Ad-Hoc|iPhoneSimulator.Build.0 = Release|Any CPU
		{8E65F4A8-43CC-4F60-AF36-139343F86347}.Ad-Hoc|iPhoneSimulator.Deploy.0 = Release|Any CPU
		{8E65F4A8-43CC-4F60-AF36-139343F86347}.Ad-Hoc|x64.ActiveCfg = Release|Any CPU
		{8E65F4A8-43CC-4F60-AF36-139343F86347}.Ad-Hoc|x64.Build.0 = Release|Any CPU
		{8E65F4A8-43CC-4F60-AF36-139343F86347}.Ad-Hoc|x64.Deploy.0 = Release|Any CPU
		{8E65F4A8-43CC-4F60-AF36-139343F86347}.Ad-Hoc|x86.ActiveCfg = Release|Any CPU
		{8E65F4A8-43CC-4F60-AF36-139343F86347}.Ad-Hoc|x86.Build.0 = Release|Any CPU
		{8E65F4A8-43CC-4F60-AF36-139343F86347}.Ad-Hoc|x86.Deploy.0 = Release|Any CPU
		{8E65F4A8-43CC-4F60-AF36-139343F86347}.AppStore|Any CPU.ActiveCfg = Release|Any CPU
		{8E65F4A8-43CC-4F60-AF36-139343F86347}.AppStore|Any CPU.Build.0 = Release|Any CPU
		{8E65F4A8-43CC-4F60-AF36-139343F86347}.AppStore|Any CPU.Deploy.0 = Release|Any CPU
		{8E65F4A8-43CC-4F60-AF36-139343F86347}.AppStore|ARM.ActiveCfg = Release|Any CPU
		{8E65F4A8-43CC-4F60-AF36-139343F86347}.AppStore|ARM.Build.0 = Release|Any CPU
		{8E65F4A8-43CC-4F60-AF36-139343F86347}.AppStore|ARM.Deploy.0 = Release|Any CPU
		{8E65F4A8-43CC-4F60-AF36-139343F86347}.AppStore|iPhone.ActiveCfg = Release|Any CPU
		{8E65F4A8-43CC-4F60-AF36-139343F86347}.AppStore|iPhone.Build.0 = Release|Any CPU
		{8E65F4A8-43CC-4F60-AF36-139343F86347}.AppStore|iPhone.Deploy.0 = Release|Any CPU
		{8E65F4A8-43CC-4F60-AF36-139343F86347}.AppStore|iPhoneSimulator.ActiveCfg = Release|Any CPU
		{8E65F4A8-43CC-4F60-AF36-139343F86347}.AppStore|iPhoneSimulator.Build.0 = Release|Any CPU
		{8E65F4A8-43CC-4F60-AF36-139343F86347}.AppStore|iPhoneSimulator.Deploy.0 = Release|Any CPU
		{8E65F4A8-43CC-4F60-AF36-139343F86347}.AppStore|x64.ActiveCfg = Release|Any CPU
		{8E65F4A8-43CC-4F60-AF36-139343F86347}.AppStore|x64.Build.0 = Release|Any CPU
		{8E65F4A8-43CC-4F60-AF36-139343F86347}.AppStore|x64.Deploy.0 = Release|Any CPU
		{8E65F4A8-43CC-4F60-AF36-139343F86347}.AppStore|x86.ActiveCfg = Release|Any CPU
		{8E65F4A8-43CC-4F60-AF36-139343F86347}.AppStore|x86.Build.0 = Release|Any CPU
		{8E65F4A8-43CC-4F60-AF36-139343F86347}.AppStore|x86.Deploy.0 = Release|Any CPU
		{8E65F4A8-43CC-4F60-AF36-139343F86347}.Debug|Any CPU.ActiveCfg = Debug|Any CPU
		{8E65F4A8-43CC-4F60-AF36-139343F86347}.Debug|Any CPU.Build.0 = Debug|Any CPU
		{8E65F4A8-43CC-4F60-AF36-139343F86347}.Debug|Any CPU.Deploy.0 = Debug|Any CPU
		{8E65F4A8-43CC-4F60-AF36-139343F86347}.Debug|ARM.ActiveCfg = Debug|Any CPU
		{8E65F4A8-43CC-4F60-AF36-139343F86347}.Debug|ARM.Build.0 = Debug|Any CPU
		{8E65F4A8-43CC-4F60-AF36-139343F86347}.Debug|ARM.Deploy.0 = Debug|Any CPU
		{8E65F4A8-43CC-4F60-AF36-139343F86347}.Debug|iPhone.ActiveCfg = Debug|Any CPU
		{8E65F4A8-43CC-4F60-AF36-139343F86347}.Debug|iPhone.Build.0 = Debug|Any CPU
		{8E65F4A8-43CC-4F60-AF36-139343F86347}.Debug|iPhone.Deploy.0 = Debug|Any CPU
		{8E65F4A8-43CC-4F60-AF36-139343F86347}.Debug|iPhoneSimulator.ActiveCfg = Debug|Any CPU
		{8E65F4A8-43CC-4F60-AF36-139343F86347}.Debug|iPhoneSimulator.Build.0 = Debug|Any CPU
		{8E65F4A8-43CC-4F60-AF36-139343F86347}.Debug|iPhoneSimulator.Deploy.0 = Debug|Any CPU
		{8E65F4A8-43CC-4F60-AF36-139343F86347}.Debug|x64.ActiveCfg = Debug|Any CPU
		{8E65F4A8-43CC-4F60-AF36-139343F86347}.Debug|x64.Build.0 = Debug|Any CPU
		{8E65F4A8-43CC-4F60-AF36-139343F86347}.Debug|x64.Deploy.0 = Debug|Any CPU
		{8E65F4A8-43CC-4F60-AF36-139343F86347}.Debug|x86.ActiveCfg = Debug|Any CPU
		{8E65F4A8-43CC-4F60-AF36-139343F86347}.Debug|x86.Build.0 = Debug|Any CPU
		{8E65F4A8-43CC-4F60-AF36-139343F86347}.Debug|x86.Deploy.0 = Debug|Any CPU
		{8E65F4A8-43CC-4F60-AF36-139343F86347}.Release|Any CPU.ActiveCfg = Release|Any CPU
		{8E65F4A8-43CC-4F60-AF36-139343F86347}.Release|Any CPU.Build.0 = Release|Any CPU
		{8E65F4A8-43CC-4F60-AF36-139343F86347}.Release|Any CPU.Deploy.0 = Release|Any CPU
		{8E65F4A8-43CC-4F60-AF36-139343F86347}.Release|ARM.ActiveCfg = Release|Any CPU
		{8E65F4A8-43CC-4F60-AF36-139343F86347}.Release|ARM.Build.0 = Release|Any CPU
		{8E65F4A8-43CC-4F60-AF36-139343F86347}.Release|ARM.Deploy.0 = Release|Any CPU
		{8E65F4A8-43CC-4F60-AF36-139343F86347}.Release|iPhone.ActiveCfg = Release|Any CPU
		{8E65F4A8-43CC-4F60-AF36-139343F86347}.Release|iPhone.Build.0 = Release|Any CPU
		{8E65F4A8-43CC-4F60-AF36-139343F86347}.Release|iPhone.Deploy.0 = Release|Any CPU
		{8E65F4A8-43CC-4F60-AF36-139343F86347}.Release|iPhoneSimulator.ActiveCfg = Release|Any CPU
		{8E65F4A8-43CC-4F60-AF36-139343F86347}.Release|iPhoneSimulator.Build.0 = Release|Any CPU
		{8E65F4A8-43CC-4F60-AF36-139343F86347}.Release|iPhoneSimulator.Deploy.0 = Release|Any CPU
		{8E65F4A8-43CC-4F60-AF36-139343F86347}.Release|x64.ActiveCfg = Release|Any CPU
		{8E65F4A8-43CC-4F60-AF36-139343F86347}.Release|x64.Build.0 = Release|Any CPU
		{8E65F4A8-43CC-4F60-AF36-139343F86347}.Release|x64.Deploy.0 = Release|Any CPU
		{8E65F4A8-43CC-4F60-AF36-139343F86347}.Release|x86.ActiveCfg = Release|Any CPU
		{8E65F4A8-43CC-4F60-AF36-139343F86347}.Release|x86.Build.0 = Release|Any CPU
		{8E65F4A8-43CC-4F60-AF36-139343F86347}.Release|x86.Deploy.0 = Release|Any CPU
		{EB56B3EA-75FC-44D5-AB57-C62617409360}.Ad-Hoc|Any CPU.ActiveCfg = Release|Any CPU
		{EB56B3EA-75FC-44D5-AB57-C62617409360}.Ad-Hoc|Any CPU.Build.0 = Release|Any CPU
		{EB56B3EA-75FC-44D5-AB57-C62617409360}.Ad-Hoc|ARM.ActiveCfg = Release|Any CPU
		{EB56B3EA-75FC-44D5-AB57-C62617409360}.Ad-Hoc|ARM.Build.0 = Release|Any CPU
		{EB56B3EA-75FC-44D5-AB57-C62617409360}.Ad-Hoc|iPhone.ActiveCfg = Release|Any CPU
		{EB56B3EA-75FC-44D5-AB57-C62617409360}.Ad-Hoc|iPhone.Build.0 = Release|Any CPU
		{EB56B3EA-75FC-44D5-AB57-C62617409360}.Ad-Hoc|iPhoneSimulator.ActiveCfg = Release|Any CPU
		{EB56B3EA-75FC-44D5-AB57-C62617409360}.Ad-Hoc|iPhoneSimulator.Build.0 = Release|Any CPU
		{EB56B3EA-75FC-44D5-AB57-C62617409360}.Ad-Hoc|x64.ActiveCfg = Release|Any CPU
		{EB56B3EA-75FC-44D5-AB57-C62617409360}.Ad-Hoc|x64.Build.0 = Release|Any CPU
		{EB56B3EA-75FC-44D5-AB57-C62617409360}.Ad-Hoc|x86.ActiveCfg = Release|Any CPU
		{EB56B3EA-75FC-44D5-AB57-C62617409360}.Ad-Hoc|x86.Build.0 = Release|Any CPU
		{EB56B3EA-75FC-44D5-AB57-C62617409360}.AppStore|Any CPU.ActiveCfg = Release|Any CPU
		{EB56B3EA-75FC-44D5-AB57-C62617409360}.AppStore|Any CPU.Build.0 = Release|Any CPU
		{EB56B3EA-75FC-44D5-AB57-C62617409360}.AppStore|ARM.ActiveCfg = Release|Any CPU
		{EB56B3EA-75FC-44D5-AB57-C62617409360}.AppStore|ARM.Build.0 = Release|Any CPU
		{EB56B3EA-75FC-44D5-AB57-C62617409360}.AppStore|iPhone.ActiveCfg = Release|Any CPU
		{EB56B3EA-75FC-44D5-AB57-C62617409360}.AppStore|iPhone.Build.0 = Release|Any CPU
		{EB56B3EA-75FC-44D5-AB57-C62617409360}.AppStore|iPhoneSimulator.ActiveCfg = Release|Any CPU
		{EB56B3EA-75FC-44D5-AB57-C62617409360}.AppStore|iPhoneSimulator.Build.0 = Release|Any CPU
		{EB56B3EA-75FC-44D5-AB57-C62617409360}.AppStore|x64.ActiveCfg = Release|Any CPU
		{EB56B3EA-75FC-44D5-AB57-C62617409360}.AppStore|x64.Build.0 = Release|Any CPU
		{EB56B3EA-75FC-44D5-AB57-C62617409360}.AppStore|x86.ActiveCfg = Release|Any CPU
		{EB56B3EA-75FC-44D5-AB57-C62617409360}.AppStore|x86.Build.0 = Release|Any CPU
		{EB56B3EA-75FC-44D5-AB57-C62617409360}.Debug|Any CPU.ActiveCfg = Debug|Any CPU
		{EB56B3EA-75FC-44D5-AB57-C62617409360}.Debug|Any CPU.Build.0 = Debug|Any CPU
		{EB56B3EA-75FC-44D5-AB57-C62617409360}.Debug|ARM.ActiveCfg = Debug|Any CPU
		{EB56B3EA-75FC-44D5-AB57-C62617409360}.Debug|ARM.Build.0 = Debug|Any CPU
		{EB56B3EA-75FC-44D5-AB57-C62617409360}.Debug|iPhone.ActiveCfg = Debug|Any CPU
		{EB56B3EA-75FC-44D5-AB57-C62617409360}.Debug|iPhone.Build.0 = Debug|Any CPU
		{EB56B3EA-75FC-44D5-AB57-C62617409360}.Debug|iPhoneSimulator.ActiveCfg = Debug|Any CPU
		{EB56B3EA-75FC-44D5-AB57-C62617409360}.Debug|iPhoneSimulator.Build.0 = Debug|Any CPU
		{EB56B3EA-75FC-44D5-AB57-C62617409360}.Debug|x64.ActiveCfg = Debug|Any CPU
		{EB56B3EA-75FC-44D5-AB57-C62617409360}.Debug|x64.Build.0 = Debug|Any CPU
		{EB56B3EA-75FC-44D5-AB57-C62617409360}.Debug|x86.ActiveCfg = Debug|Any CPU
		{EB56B3EA-75FC-44D5-AB57-C62617409360}.Debug|x86.Build.0 = Debug|Any CPU
		{EB56B3EA-75FC-44D5-AB57-C62617409360}.Release|Any CPU.ActiveCfg = Release|Any CPU
		{EB56B3EA-75FC-44D5-AB57-C62617409360}.Release|Any CPU.Build.0 = Release|Any CPU
		{EB56B3EA-75FC-44D5-AB57-C62617409360}.Release|ARM.ActiveCfg = Release|Any CPU
		{EB56B3EA-75FC-44D5-AB57-C62617409360}.Release|ARM.Build.0 = Release|Any CPU
		{EB56B3EA-75FC-44D5-AB57-C62617409360}.Release|iPhone.ActiveCfg = Release|Any CPU
		{EB56B3EA-75FC-44D5-AB57-C62617409360}.Release|iPhone.Build.0 = Release|Any CPU
		{EB56B3EA-75FC-44D5-AB57-C62617409360}.Release|iPhoneSimulator.ActiveCfg = Release|Any CPU
		{EB56B3EA-75FC-44D5-AB57-C62617409360}.Release|iPhoneSimulator.Build.0 = Release|Any CPU
		{EB56B3EA-75FC-44D5-AB57-C62617409360}.Release|x64.ActiveCfg = Release|Any CPU
		{EB56B3EA-75FC-44D5-AB57-C62617409360}.Release|x64.Build.0 = Release|Any CPU
		{EB56B3EA-75FC-44D5-AB57-C62617409360}.Release|x86.ActiveCfg = Release|Any CPU
		{EB56B3EA-75FC-44D5-AB57-C62617409360}.Release|x86.Build.0 = Release|Any CPU
	EndGlobalSection
	GlobalSection(SolutionProperties) = preSolution
		HideSolutionNode = FALSE
	EndGlobalSection
EndGlobal
